
Microsoft Visual Studio Solution File, Format Version 12.00
# Visual Studio Version 17
VisualStudioVersion = 17.7.34009.444
MinimumVisualStudioVersion = 10.0.40219.1
Project("{8BC9CEB8-8B4A-11D0-8D11-00A0C91BC942}") = "ODNative", "ODNative\ODNative.vcxproj", "{4222D206-0E8A-4F68-A171-4AFDB031098E}"
EndProject
Project("{FAE04EC0-301F-11D3-BF4B-00C04F79EFBC}") = "OneDriveLib", "OneDriveLib\OneDriveLib.csproj", "{0BA56256-CB30-4DEB-A442-6ACBB7F6B2B3}"
	ProjectSection(ProjectDependencies) = postProject
		{1387E7BE-A6C8-4AF6-AA96-8E4D9BC7BDB9} = {1387E7BE-A6C8-4AF6-AA96-8E4D9BC7BDB9}
		{4222D206-0E8A-4F68-A171-4AFDB031098E} = {4222D206-0E8A-4F68-A171-4AFDB031098E}
	EndProjectSection
EndProject
Project("{8BC9CEB8-8B4A-11D0-8D11-00A0C91BC942}") = "ODOnDemand", "ODOnDemand\ODOnDemand.vcxproj", "{DBFDC140-542D-4C72-8746-7B79070BCF89}"
EndProject
Project("{54435603-DBB4-11D2-8724-00A0C9A8B90C}") = "ODOnDemandSetup", "ODOnDemandSetup\ODOnDemandSetup.vdproj", "{88D40A7E-6C63-4A11-9461-D59350611C8D}"
EndProject
Project("{8BC9CEB8-8B4A-11D0-8D11-00A0C91BC942}") = "ODNative32", "ODNative\ODNative32.vcxproj", "{1387E7BE-A6C8-4AF6-AA96-8E4D9BC7BDB9}"
EndProject
Global
	GlobalSection(SolutionConfigurationPlatforms) = preSolution
		Debug|Any CPU = Debug|Any CPU
		Debug|x64 = Debug|x64
		Debug|x86 = Debug|x86
		Release|Any CPU = Release|Any CPU
		Release|x64 = Release|x64
		Release|x86 = Release|x86
	EndGlobalSection
	GlobalSection(ProjectConfigurationPlatforms) = postSolution
		{4222D206-0E8A-4F68-A171-4AFDB031098E}.Debug|Any CPU.ActiveCfg = Debug|x64
		{4222D206-0E8A-4F68-A171-4AFDB031098E}.Debug|Any CPU.Build.0 = Debug|x64
		{4222D206-0E8A-4F68-A171-4AFDB031098E}.Debug|x64.ActiveCfg = Debug|x64
		{4222D206-0E8A-4F68-A171-4AFDB031098E}.Debug|x64.Build.0 = Debug|x64
		{4222D206-0E8A-4F68-A171-4AFDB031098E}.Debug|x86.ActiveCfg = Debug|x64
		{4222D206-0E8A-4F68-A171-4AFDB031098E}.Debug|x86.Build.0 = Debug|x64
		{4222D206-0E8A-4F68-A171-4AFDB031098E}.Release|Any CPU.ActiveCfg = Release|x64
		{4222D206-0E8A-4F68-A171-4AFDB031098E}.Release|Any CPU.Build.0 = Release|x64
		{4222D206-0E8A-4F68-A171-4AFDB031098E}.Release|x64.ActiveCfg = Release|x64
		{4222D206-0E8A-4F68-A171-4AFDB031098E}.Release|x64.Build.0 = Release|x64
		{4222D206-0E8A-4F68-A171-4AFDB031098E}.Release|x86.ActiveCfg = Release|x64
		{4222D206-0E8A-4F68-A171-4AFDB031098E}.Release|x86.Build.0 = Release|x64
		{0BA56256-CB30-4DEB-A442-6ACBB7F6B2B3}.Debug|Any CPU.ActiveCfg = Debug|Any CPU
		{0BA56256-CB30-4DEB-A442-6ACBB7F6B2B3}.Debug|Any CPU.Build.0 = Debug|Any CPU
		{0BA56256-CB30-4DEB-A442-6ACBB7F6B2B3}.Debug|x64.ActiveCfg = Debug|x64
		{0BA56256-CB30-4DEB-A442-6ACBB7F6B2B3}.Debug|x64.Build.0 = Debug|x64
		{0BA56256-CB30-4DEB-A442-6ACBB7F6B2B3}.Debug|x86.ActiveCfg = Debug|x86
		{0BA56256-CB30-4DEB-A442-6ACBB7F6B2B3}.Debug|x86.Build.0 = Debug|x86
		{0BA56256-CB30-4DEB-A442-6ACBB7F6B2B3}.Release|Any CPU.ActiveCfg = Release|Any CPU
		{0BA56256-CB30-4DEB-A442-6ACBB7F6B2B3}.Release|Any CPU.Build.0 = Release|Any CPU
		{0BA56256-CB30-4DEB-A442-6ACBB7F6B2B3}.Release|x64.ActiveCfg = Release|x64
		{0BA56256-CB30-4DEB-A442-6ACBB7F6B2B3}.Release|x64.Build.0 = Release|x64
		{0BA56256-CB30-4DEB-A442-6ACBB7F6B2B3}.Release|x86.ActiveCfg = Release|Any CPU
		{0BA56256-CB30-4DEB-A442-6ACBB7F6B2B3}.Release|x86.Build.0 = Release|Any CPU
		{DBFDC140-542D-4C72-8746-7B79070BCF89}.Debug|Any CPU.ActiveCfg = Debug|Win32
		{DBFDC140-542D-4C72-8746-7B79070BCF89}.Debug|Any CPU.Build.0 = Debug|Win32
		{DBFDC140-542D-4C72-8746-7B79070BCF89}.Debug|x64.ActiveCfg = Debug|x64
		{DBFDC140-542D-4C72-8746-7B79070BCF89}.Debug|x64.Build.0 = Debug|x64
		{DBFDC140-542D-4C72-8746-7B79070BCF89}.Debug|x86.ActiveCfg = Debug|Win32
		{DBFDC140-542D-4C72-8746-7B79070BCF89}.Debug|x86.Build.0 = Debug|Win32
		{DBFDC140-542D-4C72-8746-7B79070BCF89}.Release|Any CPU.ActiveCfg = Release|Win32
		{DBFDC140-542D-4C72-8746-7B79070BCF89}.Release|Any CPU.Build.0 = Release|Win32
		{DBFDC140-542D-4C72-8746-7B79070BCF89}.Release|x64.ActiveCfg = Release|x64
		{DBFDC140-542D-4C72-8746-7B79070BCF89}.Release|x64.Build.0 = Release|x64
		{DBFDC140-542D-4C72-8746-7B79070BCF89}.Release|x86.ActiveCfg = Release|Win32
		{DBFDC140-542D-4C72-8746-7B79070BCF89}.Release|x86.Build.0 = Release|Win32
		{88D40A7E-6C63-4A11-9461-D59350611C8D}.Debug|Any CPU.ActiveCfg = Debug
		{88D40A7E-6C63-4A11-9461-D59350611C8D}.Debug|x64.ActiveCfg = Debug
		{88D40A7E-6C63-4A11-9461-D59350611C8D}.Debug|x64.Build.0 = Debug
		{88D40A7E-6C63-4A11-9461-D59350611C8D}.Debug|x86.ActiveCfg = Debug
		{88D40A7E-6C63-4A11-9461-D59350611C8D}.Release|Any CPU.ActiveCfg = Release
		{88D40A7E-6C63-4A11-9461-D59350611C8D}.Release|x64.ActiveCfg = Release
		{88D40A7E-6C63-4A11-9461-D59350611C8D}.Release|x64.Build.0 = Release
		{88D40A7E-6C63-4A11-9461-D59350611C8D}.Release|x86.ActiveCfg = Release
		{1387E7BE-A6C8-4AF6-AA96-8E4D9BC7BDB9}.Debug|Any CPU.ActiveCfg = Debug|Win32
		{1387E7BE-A6C8-4AF6-AA96-8E4D9BC7BDB9}.Debug|Any CPU.Build.0 = Debug|Win32
		{1387E7BE-A6C8-4AF6-AA96-8E4D9BC7BDB9}.Debug|x64.ActiveCfg = Debug|Win32
		{1387E7BE-A6C8-4AF6-AA96-8E4D9BC7BDB9}.Debug|x64.Build.0 = Debug|Win32
		{1387E7BE-A6C8-4AF6-AA96-8E4D9BC7BDB9}.Debug|x86.ActiveCfg = Debug|Win32
		{1387E7BE-A6C8-4AF6-AA96-8E4D9BC7BDB9}.Debug|x86.Build.0 = Debug|Win32
		{1387E7BE-A6C8-4AF6-AA96-8E4D9BC7BDB9}.Release|Any CPU.ActiveCfg = Release|Win32
		{1387E7BE-A6C8-4AF6-AA96-8E4D9BC7BDB9}.Release|Any CPU.Build.0 = Release|Win32
		{1387E7BE-A6C8-4AF6-AA96-8E4D9BC7BDB9}.Release|x64.ActiveCfg = Release|Win32
		{1387E7BE-A6C8-4AF6-AA96-8E4D9BC7BDB9}.Release|x64.Build.0 = Release|Win32
		{1387E7BE-A6C8-4AF6-AA96-8E4D9BC7BDB9}.Release|x86.ActiveCfg = Release|Win32
		{1387E7BE-A6C8-4AF6-AA96-8E4D9BC7BDB9}.Release|x86.Build.0 = Release|Win32
	EndGlobalSection
	GlobalSection(SolutionProperties) = preSolution
		HideSolutionNode = FALSE
	EndGlobalSection
	GlobalSection(ExtensibilityGlobals) = postSolution
		SolutionGuid = {223C73A1-27AF-434C-945C-66800EEC3D49}
	EndGlobalSection
EndGlobal
